// !$*UTF8*$!
{
	archiveVersion = 1;
	classes = {
	};
	objectVersion = 51;
	objects = {

/* Begin PBXBuildFile section */
		1162677A25AB844A00C0FBC1 /* AppDelegate.swift in Sources */ = {isa = PBXBuildFile; fileRef = 1162677925AB844A00C0FBC1 /* AppDelegate.swift */; };
		1162677C25AB844A00C0FBC1 /* SceneDelegate.swift in Sources */ = {isa = PBXBuildFile; fileRef = 1162677B25AB844A00C0FBC1 /* SceneDelegate.swift */; };
		1162677E25AB844A00C0FBC1 /* ViewController.swift in Sources */ = {isa = PBXBuildFile; fileRef = 1162677D25AB844A00C0FBC1 /* ViewController.swift */; };
		1162678625AB844C00C0FBC1 /* Assets.xcassets in Resources */ = {isa = PBXBuildFile; fileRef = 1162678525AB844C00C0FBC1 /* Assets.xcassets */; };
		1162678925AB844C00C0FBC1 /* LaunchScreen.storyboard in Resources */ = {isa = PBXBuildFile; fileRef = 1162678725AB844C00C0FBC1 /* LaunchScreen.storyboard */; };
		1162679425AB844C00C0FBC1 /* ToDoListTests.swift in Sources */ = {isa = PBXBuildFile; fileRef = 1162679325AB844C00C0FBC1 /* ToDoListTests.swift */; };
		2C922A4725DDC84B00B40EFC /* Items.swift in Sources */ = {isa = PBXBuildFile; fileRef = 2C922A4625DDC84B00B40EFC /* Items.swift */; };
		2C922A4B25DEB6BE00B40EFC /* ItemDetailViewController.swift in Sources */ = {isa = PBXBuildFile; fileRef = 2C922A4A25DEB6BE00B40EFC /* ItemDetailViewController.swift */; };
		2CA6A11925E2C15600825671 /* OverviewTableViewCell.swift in Sources */ = {isa = PBXBuildFile; fileRef = 2CA6A11825E2C15600825671 /* OverviewTableViewCell.swift */; };
		2CA79BF525D02CA900207BF8 /* GoogleService-Info.plist in Resources */ = {isa = PBXBuildFile; fileRef = 2CA79BF425D02CA900207BF8 /* GoogleService-Info.plist */; };
		2CDC894525BDB81D00D9535A /* SubTasksOverviewViewController.swift in Sources */ = {isa = PBXBuildFile; fileRef = 2CDC894425BDB81D00D9535A /* SubTasksOverviewViewController.swift */; };
		2CDC894925BDBB6700D9535A /* SubTasks.swift in Sources */ = {isa = PBXBuildFile; fileRef = 2CDC894825BDBB6700D9535A /* SubTasks.swift */; };
		2CDC894D25BDBB9C00D9535A /* SelectSubTaskViewController.swift in Sources */ = {isa = PBXBuildFile; fileRef = 2CDC894C25BDBB9C00D9535A /* SelectSubTaskViewController.swift */; };
		4BDE59606E8D1C26129C5DAB /* Pods_ToDoList.framework in Frameworks */ = {isa = PBXBuildFile; fileRef = DE976D05DF90EF25FEC93572 /* Pods_ToDoList.framework */; };
		97B8D59A78B438ED6BBA80D6 /* Pods_ToDoListTests.framework in Frameworks */ = {isa = PBXBuildFile; fileRef = 44FD26539F6EBF3577CFF7D3 /* Pods_ToDoListTests.framework */; };
/* End PBXBuildFile section */

/* Begin PBXContainerItemProxy section */
		1162679025AB844C00C0FBC1 /* PBXContainerItemProxy */ = {
			isa = PBXContainerItemProxy;
			containerPortal = 1162676E25AB844A00C0FBC1 /* Project object */;
			proxyType = 1;
			remoteGlobalIDString = 1162677525AB844A00C0FBC1;
			remoteInfo = ToDoList;
		};
/* End PBXContainerItemProxy section */

/* Begin PBXFileReference section */
		1162677625AB844A00C0FBC1 /* ToDoList.app */ = {isa = PBXFileReference; explicitFileType = wrapper.application; includeInIndex = 0; path = ToDoList.app; sourceTree = BUILT_PRODUCTS_DIR; };
		1162677925AB844A00C0FBC1 /* AppDelegate.swift */ = {isa = PBXFileReference; lastKnownFileType = sourcecode.swift; path = AppDelegate.swift; sourceTree = "<group>"; };
		1162677B25AB844A00C0FBC1 /* SceneDelegate.swift */ = {isa = PBXFileReference; lastKnownFileType = sourcecode.swift; path = SceneDelegate.swift; sourceTree = "<group>"; };
		1162677D25AB844A00C0FBC1 /* ViewController.swift */ = {isa = PBXFileReference; lastKnownFileType = sourcecode.swift; path = ViewController.swift; sourceTree = "<group>"; };
		1162678525AB844C00C0FBC1 /* Assets.xcassets */ = {isa = PBXFileReference; lastKnownFileType = folder.assetcatalog; path = Assets.xcassets; sourceTree = "<group>"; };
		1162678825AB844C00C0FBC1 /* Base */ = {isa = PBXFileReference; lastKnownFileType = file.storyboard; name = Base; path = Base.lproj/LaunchScreen.storyboard; sourceTree = "<group>"; };
		1162678A25AB844C00C0FBC1 /* Info.plist */ = {isa = PBXFileReference; lastKnownFileType = text.plist.xml; path = Info.plist; sourceTree = "<group>"; };
		1162678F25AB844C00C0FBC1 /* ToDoListTests.xctest */ = {isa = PBXFileReference; explicitFileType = wrapper.cfbundle; includeInIndex = 0; path = ToDoListTests.xctest; sourceTree = BUILT_PRODUCTS_DIR; };
		1162679325AB844C00C0FBC1 /* ToDoListTests.swift */ = {isa = PBXFileReference; lastKnownFileType = sourcecode.swift; path = ToDoListTests.swift; sourceTree = "<group>"; };
		1162679525AB844C00C0FBC1 /* Info.plist */ = {isa = PBXFileReference; lastKnownFileType = text.plist.xml; path = Info.plist; sourceTree = "<group>"; };
		2C922A4625DDC84B00B40EFC /* Items.swift */ = {isa = PBXFileReference; lastKnownFileType = sourcecode.swift; path = Items.swift; sourceTree = "<group>"; };
		2C922A4A25DEB6BE00B40EFC /* ItemDetailViewController.swift */ = {isa = PBXFileReference; lastKnownFileType = sourcecode.swift; path = ItemDetailViewController.swift; sourceTree = "<group>"; };
		2CA6A11825E2C15600825671 /* OverviewTableViewCell.swift */ = {isa = PBXFileReference; lastKnownFileType = sourcecode.swift; path = OverviewTableViewCell.swift; sourceTree = "<group>"; };
		2CA79BF425D02CA900207BF8 /* GoogleService-Info.plist */ = {isa = PBXFileReference; fileEncoding = 4; lastKnownFileType = text.plist.xml; name = "GoogleService-Info.plist"; path = "../../../Downloads/GoogleService-Info.plist"; sourceTree = "<group>"; };
		2CDC894425BDB81D00D9535A /* SubTasksOverviewViewController.swift */ = {isa = PBXFileReference; lastKnownFileType = sourcecode.swift; path = SubTasksOverviewViewController.swift; sourceTree = "<group>"; };
		2CDC894825BDBB6700D9535A /* SubTasks.swift */ = {isa = PBXFileReference; lastKnownFileType = sourcecode.swift; path = SubTasks.swift; sourceTree = "<group>"; };
		2CDC894C25BDBB9C00D9535A /* SelectSubTaskViewController.swift */ = {isa = PBXFileReference; lastKnownFileType = sourcecode.swift; path = SelectSubTaskViewController.swift; sourceTree = "<group>"; };
		2D5519AF50EF842C6E93EBDA /* Pods-ToDoList.release.xcconfig */ = {isa = PBXFileReference; includeInIndex = 1; lastKnownFileType = text.xcconfig; name = "Pods-ToDoList.release.xcconfig"; path = "Target Support Files/Pods-ToDoList/Pods-ToDoList.release.xcconfig"; sourceTree = "<group>"; };
		44FD26539F6EBF3577CFF7D3 /* Pods_ToDoListTests.framework */ = {isa = PBXFileReference; explicitFileType = wrapper.framework; includeInIndex = 0; path = Pods_ToDoListTests.framework; sourceTree = BUILT_PRODUCTS_DIR; };
		456F52062EDF9F12258F41E9 /* Pods-ToDoListTests.release.xcconfig */ = {isa = PBXFileReference; includeInIndex = 1; lastKnownFileType = text.xcconfig; name = "Pods-ToDoListTests.release.xcconfig"; path = "Target Support Files/Pods-ToDoListTests/Pods-ToDoListTests.release.xcconfig"; sourceTree = "<group>"; };
		9246A76DE30D90552846B68B /* Pods-ToDoListTests.debug.xcconfig */ = {isa = PBXFileReference; includeInIndex = 1; lastKnownFileType = text.xcconfig; name = "Pods-ToDoListTests.debug.xcconfig"; path = "Target Support Files/Pods-ToDoListTests/Pods-ToDoListTests.debug.xcconfig"; sourceTree = "<group>"; };
		C4564886AA40BDF8154CF9D2 /* Pods-ToDoList.debug.xcconfig */ = {isa = PBXFileReference; includeInIndex = 1; lastKnownFileType = text.xcconfig; name = "Pods-ToDoList.debug.xcconfig"; path = "Target Support Files/Pods-ToDoList/Pods-ToDoList.debug.xcconfig"; sourceTree = "<group>"; };
		DE976D05DF90EF25FEC93572 /* Pods_ToDoList.framework */ = {isa = PBXFileReference; explicitFileType = wrapper.framework; includeInIndex = 0; path = Pods_ToDoList.framework; sourceTree = BUILT_PRODUCTS_DIR; };
/* End PBXFileReference section */

/* Begin PBXFrameworksBuildPhase section */
		1162677325AB844A00C0FBC1 /* Frameworks */ = {
			isa = PBXFrameworksBuildPhase;
			buildActionMask = 2147483647;
			files = (
				4BDE59606E8D1C26129C5DAB /* Pods_ToDoList.framework in Frameworks */,
			);
			runOnlyForDeploymentPostprocessing = 0;
		};
		1162678C25AB844C00C0FBC1 /* Frameworks */ = {
			isa = PBXFrameworksBuildPhase;
			buildActionMask = 2147483647;
			files = (
				97B8D59A78B438ED6BBA80D6 /* Pods_ToDoListTests.framework in Frameworks */,
			);
			runOnlyForDeploymentPostprocessing = 0;
		};
/* End PBXFrameworksBuildPhase section */

/* Begin PBXGroup section */
		1162676D25AB844A00C0FBC1 = {
			isa = PBXGroup;
			children = (
				1162677825AB844A00C0FBC1 /* ToDoList */,
				1162679225AB844C00C0FBC1 /* ToDoListTests */,
				1162677725AB844A00C0FBC1 /* Products */,
				A54DC10FA1065058D4DE64C8 /* Pods */,
				50C6CA6FE192707934E4220C /* Frameworks */,
			);
			sourceTree = "<group>";
		};
		1162677725AB844A00C0FBC1 /* Products */ = {
			isa = PBXGroup;
			children = (
				1162677625AB844A00C0FBC1 /* ToDoList.app */,
				1162678F25AB844C00C0FBC1 /* ToDoListTests.xctest */,
			);
			name = Products;
			sourceTree = "<group>";
		};
		1162677825AB844A00C0FBC1 /* ToDoList */ = {
			isa = PBXGroup;
			children = (
				2CA6A11F25E3F24700825671 /* Model */,
				2CA6A11E25E3F22500825671 /* Cells */,
				1162677925AB844A00C0FBC1 /* AppDelegate.swift */,
				1162677B25AB844A00C0FBC1 /* SceneDelegate.swift */,
				1162677D25AB844A00C0FBC1 /* ViewController.swift */,
				1162678525AB844C00C0FBC1 /* Assets.xcassets */,
				1162678725AB844C00C0FBC1 /* LaunchScreen.storyboard */,
				1162678A25AB844C00C0FBC1 /* Info.plist */,
				2CDC894425BDB81D00D9535A /* SubTasksOverviewViewController.swift */,
				2CDC894825BDBB6700D9535A /* SubTasks.swift */,
				2CDC894C25BDBB9C00D9535A /* SelectSubTaskViewController.swift */,
				2CA79BF425D02CA900207BF8 /* GoogleService-Info.plist */,
				2C922A4A25DEB6BE00B40EFC /* ItemDetailViewController.swift */,
			);
			path = ToDoList;
			sourceTree = "<group>";
		};
		1162679225AB844C00C0FBC1 /* ToDoListTests */ = {
			isa = PBXGroup;
			children = (
				1162679325AB844C00C0FBC1 /* ToDoListTests.swift */,
				1162679525AB844C00C0FBC1 /* Info.plist */,
			);
			path = ToDoListTests;
			sourceTree = "<group>";
		};
		2CA6A11E25E3F22500825671 /* Cells */ = {
			isa = PBXGroup;
			children = (
				2CA6A11825E2C15600825671 /* OverviewTableViewCell.swift */,
			);
			path = Cells;
			sourceTree = "<group>";
		};
		2CA6A11F25E3F24700825671 /* Model */ = {
			isa = PBXGroup;
			children = (
				2C922A4625DDC84B00B40EFC /* Items.swift */,
			);
			path = Model;
			sourceTree = "<group>";
		};
		50C6CA6FE192707934E4220C /* Frameworks */ = {
			isa = PBXGroup;
			children = (
				DE976D05DF90EF25FEC93572 /* Pods_ToDoList.framework */,
				44FD26539F6EBF3577CFF7D3 /* Pods_ToDoListTests.framework */,
			);
			name = Frameworks;
			sourceTree = "<group>";
		};
		A54DC10FA1065058D4DE64C8 /* Pods */ = {
			isa = PBXGroup;
			children = (
				C4564886AA40BDF8154CF9D2 /* Pods-ToDoList.debug.xcconfig */,
				2D5519AF50EF842C6E93EBDA /* Pods-ToDoList.release.xcconfig */,
				9246A76DE30D90552846B68B /* Pods-ToDoListTests.debug.xcconfig */,
				456F52062EDF9F12258F41E9 /* Pods-ToDoListTests.release.xcconfig */,
			);
			path = Pods;
			sourceTree = "<group>";
		};
/* End PBXGroup section */

/* Begin PBXNativeTarget section */
		1162677525AB844A00C0FBC1 /* ToDoList */ = {
			isa = PBXNativeTarget;
			buildConfigurationList = 1162679825AB844C00C0FBC1 /* Build configuration list for PBXNativeTarget "ToDoList" */;
			buildPhases = (
				0EE4AA5749026BCB7867EA59 /* [CP] Check Pods Manifest.lock */,
				1162677225AB844A00C0FBC1 /* Sources */,
				1162677325AB844A00C0FBC1 /* Frameworks */,
				1162677425AB844A00C0FBC1 /* Resources */,
				8AC04596111DF870AA83FFE4 /* [CP] Embed Pods Frameworks */,
			);
			buildRules = (
			);
			dependencies = (
			);
			name = ToDoList;
			productName = ToDoList;
			productReference = 1162677625AB844A00C0FBC1 /* ToDoList.app */;
			productType = "com.apple.product-type.application";
		};
		1162678E25AB844C00C0FBC1 /* ToDoListTests */ = {
			isa = PBXNativeTarget;
			buildConfigurationList = 1162679B25AB844C00C0FBC1 /* Build configuration list for PBXNativeTarget "ToDoListTests" */;
			buildPhases = (
				9F3D31101B9F4D0D71B286FA /* [CP] Check Pods Manifest.lock */,
				1162678B25AB844C00C0FBC1 /* Sources */,
				1162678C25AB844C00C0FBC1 /* Frameworks */,
				1162678D25AB844C00C0FBC1 /* Resources */,
			);
			buildRules = (
			);
			dependencies = (
				1162679125AB844C00C0FBC1 /* PBXTargetDependency */,
			);
			name = ToDoListTests;
			productName = ToDoListTests;
			productReference = 1162678F25AB844C00C0FBC1 /* ToDoListTests.xctest */;
			productType = "com.apple.product-type.bundle.unit-test";
		};
/* End PBXNativeTarget section */

/* Begin PBXProject section */
		1162676E25AB844A00C0FBC1 /* Project object */ = {
			isa = PBXProject;
			attributes = {
				LastSwiftUpdateCheck = 1100;
				LastUpgradeCheck = 1230;
				ORGANIZATIONNAME = "Marcus Gardner";
				TargetAttributes = {
					1162677525AB844A00C0FBC1 = {
						CreatedOnToolsVersion = 11.0;
					};
					1162678E25AB844C00C0FBC1 = {
						CreatedOnToolsVersion = 11.0;
						TestTargetID = 1162677525AB844A00C0FBC1;
					};
				};
			};
			buildConfigurationList = 1162677125AB844A00C0FBC1 /* Build configuration list for PBXProject "ToDoList" */;
			compatibilityVersion = "Xcode 9.3";
			developmentRegion = en;
			hasScannedForEncodings = 0;
			knownRegions = (
				en,
				Base,
			);
			mainGroup = 1162676D25AB844A00C0FBC1;
			productRefGroup = 1162677725AB844A00C0FBC1 /* Products */;
			projectDirPath = "";
			projectRoot = "";
			targets = (
				1162677525AB844A00C0FBC1 /* ToDoList */,
				1162678E25AB844C00C0FBC1 /* ToDoListTests */,
			);
		};
/* End PBXProject section */

/* Begin PBXResourcesBuildPhase section */
		1162677425AB844A00C0FBC1 /* Resources */ = {
			isa = PBXResourcesBuildPhase;
			buildActionMask = 2147483647;
			files = (
				1162678925AB844C00C0FBC1 /* LaunchScreen.storyboard in Resources */,
				1162678625AB844C00C0FBC1 /* Assets.xcassets in Resources */,
				2CA79BF525D02CA900207BF8 /* GoogleService-Info.plist in Resources */,
			);
			runOnlyForDeploymentPostprocessing = 0;
		};
		1162678D25AB844C00C0FBC1 /* Resources */ = {
			isa = PBXResourcesBuildPhase;
			buildActionMask = 2147483647;
			files = (
			);
			runOnlyForDeploymentPostprocessing = 0;
		};
/* End PBXResourcesBuildPhase section */

/* Begin PBXShellScriptBuildPhase section */
		0EE4AA5749026BCB7867EA59 /* [CP] Check Pods Manifest.lock */ = {
			isa = PBXShellScriptBuildPhase;
			buildActionMask = 2147483647;
			files = (
			);
			inputFileListPaths = (
			);
			inputPaths = (
				"${PODS_PODFILE_DIR_PATH}/Podfile.lock",
				"${PODS_ROOT}/Manifest.lock",
			);
			name = "[CP] Check Pods Manifest.lock";
			outputFileListPaths = (
			);
			outputPaths = (
				"$(DERIVED_FILE_DIR)/Pods-ToDoList-checkManifestLockResult.txt",
			);
			runOnlyForDeploymentPostprocessing = 0;
			shellPath = /bin/sh;
			shellScript = "diff \"${PODS_PODFILE_DIR_PATH}/Podfile.lock\" \"${PODS_ROOT}/Manifest.lock\" > /dev/null\nif [ $? != 0 ] ; then\n    # print error to STDERR\n    echo \"error: The sandbox is not in sync with the Podfile.lock. Run 'pod install' or update your CocoaPods installation.\" >&2\n    exit 1\nfi\n# This output is used by Xcode 'outputs' to avoid re-running this script phase.\necho \"SUCCESS\" > \"${SCRIPT_OUTPUT_FILE_0}\"\n";
			showEnvVarsInLog = 0;
		};
		8AC04596111DF870AA83FFE4 /* [CP] Embed Pods Frameworks */ = {
			isa = PBXShellScriptBuildPhase;
			buildActionMask = 2147483647;
			files = (
			);
			inputFileListPaths = (
				"${PODS_ROOT}/Target Support Files/Pods-ToDoList/Pods-ToDoList-frameworks-${CONFIGURATION}-input-files.xcfilelist",
			);
			name = "[CP] Embed Pods Frameworks";
			outputFileListPaths = (
				"${PODS_ROOT}/Target Support Files/Pods-ToDoList/Pods-ToDoList-frameworks-${CONFIGURATION}-output-files.xcfilelist",
			);
			runOnlyForDeploymentPostprocessing = 0;
			shellPath = /bin/sh;
			shellScript = "\"${PODS_ROOT}/Target Support Files/Pods-ToDoList/Pods-ToDoList-frameworks.sh\"\n";
			showEnvVarsInLog = 0;
		};
		9F3D31101B9F4D0D71B286FA /* [CP] Check Pods Manifest.lock */ = {
			isa = PBXShellScriptBuildPhase;
			buildActionMask = 2147483647;
			files = (
			);
			inputFileListPaths = (
			);
			inputPaths = (
				"${PODS_PODFILE_DIR_PATH}/Podfile.lock",
				"${PODS_ROOT}/Manifest.lock",
			);
			name = "[CP] Check Pods Manifest.lock";
			outputFileListPaths = (
			);
			outputPaths = (
				"$(DERIVED_FILE_DIR)/Pods-ToDoListTests-checkManifestLockResult.txt",
			);
			runOnlyForDeploymentPostprocessing = 0;
			shellPath = /bin/sh;
			shellScript = "diff \"${PODS_PODFILE_DIR_PATH}/Podfile.lock\" \"${PODS_ROOT}/Manifest.lock\" > /dev/null\nif [ $? != 0 ] ; then\n    # print error to STDERR\n    echo \"error: The sandbox is not in sync with the Podfile.lock. Run 'pod install' or update your CocoaPods installation.\" >&2\n    exit 1\nfi\n# This output is used by Xcode 'outputs' to avoid re-running this script phase.\necho \"SUCCESS\" > \"${SCRIPT_OUTPUT_FILE_0}\"\n";
			showEnvVarsInLog = 0;
		};
/* End PBXShellScriptBuildPhase section */

/* Begin PBXSourcesBuildPhase section */
		1162677225AB844A00C0FBC1 /* Sources */ = {
			isa = PBXSourcesBuildPhase;
			buildActionMask = 2147483647;
			files = (
				1162677E25AB844A00C0FBC1 /* ViewController.swift in Sources */,
				2CA6A11925E2C15600825671 /* OverviewTableViewCell.swift in Sources */,
				1162677A25AB844A00C0FBC1 /* AppDelegate.swift in Sources */,
				2C922A4B25DEB6BE00B40EFC /* ItemDetailViewController.swift in Sources */,
				2CDC894525BDB81D00D9535A /* SubTasksOverviewViewController.swift in Sources */,
				2CDC894D25BDBB9C00D9535A /* SelectSubTaskViewController.swift in Sources */,
				2C922A4725DDC84B00B40EFC /* Items.swift in Sources */,
				1162677C25AB844A00C0FBC1 /* SceneDelegate.swift in Sources */,
				2CDC894925BDBB6700D9535A /* SubTasks.swift in Sources */,
			);
			runOnlyForDeploymentPostprocessing = 0;
		};
		1162678B25AB844C00C0FBC1 /* Sources */ = {
			isa = PBXSourcesBuildPhase;
			buildActionMask = 2147483647;
			files = (
				1162679425AB844C00C0FBC1 /* ToDoListTests.swift in Sources */,
			);
			runOnlyForDeploymentPostprocessing = 0;
		};
/* End PBXSourcesBuildPhase section */

/* Begin PBXTargetDependency section */
		1162679125AB844C00C0FBC1 /* PBXTargetDependency */ = {
			isa = PBXTargetDependency;
			target = 1162677525AB844A00C0FBC1 /* ToDoList */;
			targetProxy = 1162679025AB844C00C0FBC1 /* PBXContainerItemProxy */;
		};
/* End PBXTargetDependency section */

/* Begin PBXVariantGroup section */
		1162678725AB844C00C0FBC1 /* LaunchScreen.storyboard */ = {
			isa = PBXVariantGroup;
			children = (
				1162678825AB844C00C0FBC1 /* Base */,
			);
			name = LaunchScreen.storyboard;
			sourceTree = "<group>";
		};
/* End PBXVariantGroup section */

/* Begin XCBuildConfiguration section */
		1162679625AB844C00C0FBC1 /* Debug */ = {
			isa = XCBuildConfiguration;
			buildSettings = {
				ALWAYS_SEARCH_USER_PATHS = NO;
				CLANG_ANALYZER_NONNULL = YES;
				CLANG_ANALYZER_NUMBER_OBJECT_CONVERSION = YES_AGGRESSIVE;
				CLANG_CXX_LANGUAGE_STANDARD = "gnu++14";
				CLANG_CXX_LIBRARY = "libc++";
				CLANG_ENABLE_MODULES = YES;
				CLANG_ENABLE_OBJC_ARC = YES;
				CLANG_ENABLE_OBJC_WEAK = YES;
				CLANG_WARN_BLOCK_CAPTURE_AUTORELEASING = YES;
				CLANG_WARN_BOOL_CONVERSION = YES;
				CLANG_WARN_COMMA = YES;
				CLANG_WARN_CONSTANT_CONVERSION = YES;
				CLANG_WARN_DEPRECATED_OBJC_IMPLEMENTATIONS = YES;
				CLANG_WARN_DIRECT_OBJC_ISA_USAGE = YES_ERROR;
				CLANG_WARN_DOCUMENTATION_COMMENTS = YES;
				CLANG_WARN_EMPTY_BODY = YES;
				CLANG_WARN_ENUM_CONVERSION = YES;
				CLANG_WARN_INFINITE_RECURSION = YES;
				CLANG_WARN_INT_CONVERSION = YES;
				CLANG_WARN_NON_LITERAL_NULL_CONVERSION = YES;
				CLANG_WARN_OBJC_IMPLICIT_RETAIN_SELF = YES;
				CLANG_WARN_OBJC_LITERAL_CONVERSION = YES;
				CLANG_WARN_OBJC_ROOT_CLASS = YES_ERROR;
				CLANG_WARN_QUOTED_INCLUDE_IN_FRAMEWORK_HEADER = YES;
				CLANG_WARN_RANGE_LOOP_ANALYSIS = YES;
				CLANG_WARN_STRICT_PROTOTYPES = YES;
				CLANG_WARN_SUSPICIOUS_MOVE = YES;
				CLANG_WARN_UNGUARDED_AVAILABILITY = YES_AGGRESSIVE;
				CLANG_WARN_UNREACHABLE_CODE = YES;
				CLANG_WARN__DUPLICATE_METHOD_MATCH = YES;
				COPY_PHASE_STRIP = NO;
				DEBUG_INFORMATION_FORMAT = dwarf;
				ENABLE_STRICT_OBJC_MSGSEND = YES;
				ENABLE_TESTABILITY = YES;
				"EXCLUDED_ARCHS[sdk=iphonesimulator*]" = arm64;
				GCC_C_LANGUAGE_STANDARD = gnu11;
				GCC_DYNAMIC_NO_PIC = NO;
				GCC_NO_COMMON_BLOCKS = YES;
				GCC_OPTIMIZATION_LEVEL = 0;
				GCC_PREPROCESSOR_DEFINITIONS = (
					"DEBUG=1",
					"$(inherited)",
				);
				GCC_WARN_64_TO_32_BIT_CONVERSION = YES;
				GCC_WARN_ABOUT_RETURN_TYPE = YES_ERROR;
				GCC_WARN_UNDECLARED_SELECTOR = YES;
				GCC_WARN_UNINITIALIZED_AUTOS = YES_AGGRESSIVE;
				GCC_WARN_UNUSED_FUNCTION = YES;
				GCC_WARN_UNUSED_VARIABLE = YES;
				IPHONEOS_DEPLOYMENT_TARGET = 13.0;
				MTL_ENABLE_DEBUG_INFO = INCLUDE_SOURCE;
				MTL_FAST_MATH = YES;
				ONLY_ACTIVE_ARCH = YES;
				SDKROOT = iphoneos;
				SWIFT_ACTIVE_COMPILATION_CONDITIONS = DEBUG;
				SWIFT_OPTIMIZATION_LEVEL = "-Onone";
			};
			name = Debug;
		};
		1162679725AB844C00C0FBC1 /* Release */ = {
			isa = XCBuildConfiguration;
			buildSettings = {
				ALWAYS_SEARCH_USER_PATHS = NO;
				CLANG_ANALYZER_NONNULL = YES;
				CLANG_ANALYZER_NUMBER_OBJECT_CONVERSION = YES_AGGRESSIVE;
				CLANG_CXX_LANGUAGE_STANDARD = "gnu++14";
				CLANG_CXX_LIBRARY = "libc++";
				CLANG_ENABLE_MODULES = YES;
				CLANG_ENABLE_OBJC_ARC = YES;
				CLANG_ENABLE_OBJC_WEAK = YES;
				CLANG_WARN_BLOCK_CAPTURE_AUTORELEASING = YES;
				CLANG_WARN_BOOL_CONVERSION = YES;
				CLANG_WARN_COMMA = YES;
				CLANG_WARN_CONSTANT_CONVERSION = YES;
				CLANG_WARN_DEPRECATED_OBJC_IMPLEMENTATIONS = YES;
				CLANG_WARN_DIRECT_OBJC_ISA_USAGE = YES_ERROR;
				CLANG_WARN_DOCUMENTATION_COMMENTS = YES;
				CLANG_WARN_EMPTY_BODY = YES;
				CLANG_WARN_ENUM_CONVERSION = YES;
				CLANG_WARN_INFINITE_RECURSION = YES;
				CLANG_WARN_INT_CONVERSION = YES;
				CLANG_WARN_NON_LITERAL_NULL_CONVERSION = YES;
				CLANG_WARN_OBJC_IMPLICIT_RETAIN_SELF = YES;
				CLANG_WARN_OBJC_LITERAL_CONVERSION = YES;
				CLANG_WARN_OBJC_ROOT_CLASS = YES_ERROR;
				CLANG_WARN_QUOTED_INCLUDE_IN_FRAMEWORK_HEADER = YES;
				CLANG_WARN_RANGE_LOOP_ANALYSIS = YES;
				CLANG_WARN_STRICT_PROTOTYPES = YES;
				CLANG_WARN_SUSPICIOUS_MOVE = YES;
				CLANG_WARN_UNGUARDED_AVAILABILITY = YES_AGGRESSIVE;
				CLANG_WARN_UNREACHABLE_CODE = YES;
				CLANG_WARN__DUPLICATE_METHOD_MATCH = YES;
				COPY_PHASE_STRIP = NO;
				DEBUG_INFORMATION_FORMAT = "dwarf-with-dsym";
				ENABLE_NS_ASSERTIONS = NO;
				ENABLE_STRICT_OBJC_MSGSEND = YES;
				"EXCLUDED_ARCHS[sdk=iphonesimulator*]" = arm64;
				GCC_C_LANGUAGE_STANDARD = gnu11;
				GCC_NO_COMMON_BLOCKS = YES;
				GCC_WARN_64_TO_32_BIT_CONVERSION = YES;
				GCC_WARN_ABOUT_RETURN_TYPE = YES_ERROR;
				GCC_WARN_UNDECLARED_SELECTOR = YES;
				GCC_WARN_UNINITIALIZED_AUTOS = YES_AGGRESSIVE;
				GCC_WARN_UNUSED_FUNCTION = YES;
				GCC_WARN_UNUSED_VARIABLE = YES;
				IPHONEOS_DEPLOYMENT_TARGET = 13.0;
				MTL_ENABLE_DEBUG_INFO = NO;
				MTL_FAST_MATH = YES;
				ONLY_ACTIVE_ARCH = YES;
				SDKROOT = iphoneos;
				SWIFT_COMPILATION_MODE = wholemodule;
				SWIFT_OPTIMIZATION_LEVEL = "-O";
				VALIDATE_PRODUCT = YES;
			};
			name = Release;
		};
		1162679925AB844C00C0FBC1 /* Debug */ = {
			isa = XCBuildConfiguration;
			baseConfigurationReference = C4564886AA40BDF8154CF9D2 /* Pods-ToDoList.debug.xcconfig */;
			buildSettings = {
				ASSETCATALOG_COMPILER_APPICON_NAME = AppIcon;
				CODE_SIGN_STYLE = Automatic;
				INFOPLIST_FILE = ToDoList/Info.plist;
				LD_RUNPATH_SEARCH_PATHS = (
					"$(inherited)",
					"@executable_path/Frameworks",
				);
				PRODUCT_BUNDLE_IDENTIFIER = MarkyG.ToDoList;
				PRODUCT_NAME = "$(TARGET_NAME)";
				SWIFT_VERSION = 5.0;
				TARGETED_DEVICE_FAMILY = "1,2";
			};
			name = Debug;
		};
		1162679A25AB844C00C0FBC1 /* Release */ = {
			isa = XCBuildConfiguration;
			baseConfigurationReference = 2D5519AF50EF842C6E93EBDA /* Pods-ToDoList.release.xcconfig */;
			buildSettings = {
				ASSETCATALOG_COMPILER_APPICON_NAME = AppIcon;
				CODE_SIGN_STYLE = Automatic;
				INFOPLIST_FILE = ToDoList/Info.plist;
				LD_RUNPATH_SEARCH_PATHS = (
					"$(inherited)",
					"@executable_path/Frameworks",
				);
				PRODUCT_BUNDLE_IDENTIFIER = MarkyG.ToDoList;
				PRODUCT_NAME = "$(TARGET_NAME)";
				SWIFT_VERSION = 5.0;
				TARGETED_DEVICE_FAMILY = "1,2";
			};
			name = Release;
		};
		1162679C25AB844C00C0FBC1 /* Debug */ = {
			isa = XCBuildConfiguration;
			baseConfigurationReference = 9246A76DE30D90552846B68B /* Pods-ToDoListTests.debug.xcconfig */;
			buildSettings = {
				ALWAYS_EMBED_SWIFT_STANDARD_LIBRARIES = YES;
				BUNDLE_LOADER = "$(TEST_HOST)";
				CODE_SIGN_STYLE = Automatic;
				INFOPLIST_FILE = ToDoListTests/Info.plist;
				IPHONEOS_DEPLOYMENT_TARGET = 13.0;
				LD_RUNPATH_SEARCH_PATHS = (
					"$(inherited)",
					"@executable_path/Frameworks",
					"@loader_path/Frameworks",
				);
				PRODUCT_BUNDLE_IDENTIFIER = MarkyG.ToDoListTests;
				PRODUCT_NAME = "$(TARGET_NAME)";
				SWIFT_VERSION = 5.0;
				TARGETED_DEVICE_FAMILY = "1,2";
				TEST_HOST = "$(BUILT_PRODUCTS_DIR)/ToDoList.app/ToDoList";
			};
			name = Debug;
		};
		1162679D25AB844C00C0FBC1 /* Release */ = {
			isa = XCBuildConfiguration;
			baseConfigurationReference = 456F52062EDF9F12258F41E9 /* Pods-ToDoListTests.release.xcconfig */;
			buildSettings = {
				ALWAYS_EMBED_SWIFT_STANDARD_LIBRARIES = YES;
				BUNDLE_LOADER = "$(TEST_HOST)";
				CODE_SIGN_STYLE = Automatic;
				INFOPLIST_FILE = ToDoListTests/Info.plist;
				IPHONEOS_DEPLOYMENT_TARGET = 13.0;
				LD_RUNPATH_SEARCH_PATHS = (
					"$(inherited)",
					"@executable_path/Frameworks",
					"@loader_path/Frameworks",
				);
				PRODUCT_BUNDLE_IDENTIFIER = MarkyG.ToDoListTests;
				PRODUCT_NAME = "$(TARGET_NAME)";
				SWIFT_VERSION = 5.0;
				TARGETED_DEVICE_FAMILY = "1,2";
				TEST_HOST = "$(BUILT_PRODUCTS_DIR)/ToDoList.app/ToDoList";
			};
			name = Release;
		};
/* End XCBuildConfiguration section */

/* Begin XCConfigurationList section */
		1162677125AB844A00C0FBC1 /* Build configuration list for PBXProject "ToDoList" */ = {
			isa = XCConfigurationList;
			buildConfigurations = (
				1162679625AB844C00C0FBC1 /* Debug */,
				1162679725AB844C00C0FBC1 /* Release */,
			);
			defaultConfigurationIsVisible = 0;
			defaultConfigurationName = Release;
		};
		1162679825AB844C00C0FBC1 /* Build configuration list for PBXNativeTarget "ToDoList" */ = {
			isa = XCConfigurationList;
			buildConfigurations = (
				1162679925AB844C00C0FBC1 /* Debug */,
				1162679A25AB844C00C0FBC1 /* Release */,
			);
			defaultConfigurationIsVisible = 0;
			defaultConfigurationName = Release;
		};
		1162679B25AB844C00C0FBC1 /* Build configuration list for PBXNativeTarget "ToDoListTests" */ = {
			isa = XCConfigurationList;
			buildConfigurations = (
				1162679C25AB844C00C0FBC1 /* Debug */,
				1162679D25AB844C00C0FBC1 /* Release */,
			);
			defaultConfigurationIsVisible = 0;
			defaultConfigurationName = Release;
		};
/* End XCConfigurationList section */
	};
	rootObject = 1162676E25AB844A00C0FBC1 /* Project object */;
}
